
Microsoft Visual Studio Solution File, Format Version 12.00
# Visual Studio 15
VisualStudioVersion = 15.0.27130.2024
MinimumVisualStudioVersion = 10.0.40219.1
Project("{9092AA53-FB77-4645-B42D-1CCCA6BD08BD}") = "NodeHTML", "NodeHTML\NodeHTML.njsproj", "{101957AC-FF34-400F-BA8C-7D15F73E6119}"
EndProject
Global
	GlobalSection(SolutionConfigurationPlatforms) = preSolution
		Debug|Any CPU = Debug|Any CPU
		Release|Any CPU = Release|Any CPU
	EndGlobalSection
	GlobalSection(ProjectConfigurationPlatforms) = postSolution
		{101957AC-FF34-400F-BA8C-7D15F73E6119}.Debug|Any CPU.ActiveCfg = Debug|Any CPU
		{101957AC-FF34-400F-BA8C-7D15F73E6119}.Debug|Any CPU.Build.0 = Debug|Any CPU
		{101957AC-FF34-400F-BA8C-7D15F73E6119}.Release|Any CPU.ActiveCfg = Release|Any CPU
		{101957AC-FF34-400F-BA8C-7D15F73E6119}.Release|Any CPU.Build.0 = Release|Any CPU
	EndGlobalSection
	GlobalSection(SolutionProperties) = preSolution
		HideSolutionNode = FALSE
	EndGlobalSection
	GlobalSection(ExtensibilityGlobals) = postSolution
		SolutionGuid = {CBE6490F-0654-4EB6-80FC-CC18F6FADD76}
	EndGlobalSection
EndGlobal
